
Microsoft Visual Studio Solution File, Format Version 12.00
# Visual Studio Version 17
VisualStudioVersion = 17.9.34902.65
MinimumVisualStudioVersion = 10.0.40219.1
Project("{2150E333-8FDC-42A3-9474-1A3956D46DE8}") = "2.Users", "2.Users", "{1BCB79FB-9946-4DD9-898F-B95DC052EF9F}"
EndProject
Project("{2150E333-8FDC-42A3-9474-1A3956D46DE8}") = "3.Owners", "3.Owners", "{87A76906-E094-477C-8314-D667696326CB}"
EndProject
Project("{2150E333-8FDC-42A3-9474-1A3956D46DE8}") = "4. Properties", "4. Properties", "{31D0B113-5254-42AA-9C37-E628AF50B707}"
EndProject
Project("{2150E333-8FDC-42A3-9474-1A3956D46DE8}") = "1.Infrastructure", "1.Infrastructure", "{EABE8A2E-DD9B-4D1B-A071-EC92DF4A3626}"
EndProject
Project("{2150E333-8FDC-42A3-9474-1A3956D46DE8}") = "3.Entities", "3.Entities", "{95F5A060-4141-41C5-A193-8CCC79534025}"
EndProject
Project("{2150E333-8FDC-42A3-9474-1A3956D46DE8}") = "4.UnitTest", "4.UnitTest", "{23A1257E-9CC8-4293-AA62-2B59D5515843}"
EndProject
Project("{9A19103F-16F7-4668-BE54-9A1E7A4F7556}") = "User.Test", "Users.Test\User.Test.csproj", "{286D5F03-CFB9-41A4-8CD1-E56423ADEA50}"
EndProject
Project("{2150E333-8FDC-42A3-9474-1A3956D46DE8}") = "1.Infrastructure", "1.Infrastructure", "{B40EE794-5BBB-4C4D-8598-0C64B9B34E17}"
EndProject
Project("{2150E333-8FDC-42A3-9474-1A3956D46DE8}") = "2.Aplication", "2.Aplication", "{9A62D7FA-4E84-4569-AD14-A2CAC9D41C67}"
EndProject
Project("{2150E333-8FDC-42A3-9474-1A3956D46DE8}") = "3.Entities", "3.Entities", "{FF282DCE-2309-4AE5-98E1-3B5AE3E35025}"
EndProject
Project("{2150E333-8FDC-42A3-9474-1A3956D46DE8}") = "4.UnitTest", "4.UnitTest", "{C9753BBB-42B1-4180-9A52-D8319D483C36}"
EndProject
Project("{9A19103F-16F7-4668-BE54-9A1E7A4F7556}") = "Properties.Test", "Properties.Test\Properties.Test.csproj", "{51C23852-96A3-4969-B971-6A5E28AF9735}"
EndProject
Project("{2150E333-8FDC-42A3-9474-1A3956D46DE8}") = "1.Presentation", "1.Presentation", "{0860C07D-FAB5-44A8-B4EC-0306BB8BACEA}"
EndProject
Project("{9A19103F-16F7-4668-BE54-9A1E7A4F7556}") = "InmoSys", "InmoSys\InmoSys.csproj", "{DA06E2EE-2510-413C-9D0F-672B63B80505}"
EndProject
Project("{2150E333-8FDC-42A3-9474-1A3956D46DE8}") = "1.Infrastructure", "1.Infrastructure", "{AA0615F0-357D-4E16-954F-5B3DB0A4F7D0}"
EndProject
Project("{2150E333-8FDC-42A3-9474-1A3956D46DE8}") = "2.Aplication", "2.Aplication", "{9A1CC836-6708-45A0-8305-1B57B8262218}"
EndProject
Project("{2150E333-8FDC-42A3-9474-1A3956D46DE8}") = "3.Entities", "3.Entities", "{80AD21F0-5DA9-4B0F-9DAB-BDFE6D6AD472}"
EndProject
Project("{2150E333-8FDC-42A3-9474-1A3956D46DE8}") = "4.UnitTest", "4.UnitTest", "{8037476E-B28B-4972-9746-FA5855B53915}"
EndProject
Project("{9A19103F-16F7-4668-BE54-9A1E7A4F7556}") = "User.Infrastructure", "User.Infrastructure\User.Infrastructure.csproj", "{A330E133-9049-4A20-9748-C4E979F9BAD0}"
EndProject
Project("{9A19103F-16F7-4668-BE54-9A1E7A4F7556}") = "User.Entities", "User.Entities\User.Entities.csproj", "{3CA335E6-2E57-47CE-AA19-729ADADA02A7}"
EndProject
Project("{9A19103F-16F7-4668-BE54-9A1E7A4F7556}") = "Owner.Infrastructure", "Owner.Infrastructure\Owner.Infrastructure.csproj", "{8A36E4DF-C978-4B5C-976C-C4675ADB120E}"
EndProject
Project("{2150E333-8FDC-42A3-9474-1A3956D46DE8}") = "2.Aplication", "2.Aplication", "{204E7885-DA3E-4116-A901-6E95C5BA4E74}"
EndProject
Project("{9A19103F-16F7-4668-BE54-9A1E7A4F7556}") = "Owner.Entities", "Owner.Entities\Owner.Entities.csproj", "{B494B687-4035-47F6-BF3B-B55EE61A76B4}"
EndProject
Project("{FAE04EC0-301F-11D3-BF4B-00C04F79EFBC}") = "Owner.Aplication", "Owner.Aplication\Owner.Aplication.csproj", "{51416636-4AD6-43EE-9D18-24C9D1B9D64E}"
EndProject
Project("{FAE04EC0-301F-11D3-BF4B-00C04F79EFBC}") = "Properties.Infrastructure", "Properties.Infrastructure\Properties.Infrastructure.csproj", "{56773E22-A0A2-4A03-B7BB-11D30E299712}"
EndProject
Project("{FAE04EC0-301F-11D3-BF4B-00C04F79EFBC}") = "Properties.Aplication", "Properties.Aplication\Properties.Aplication.csproj", "{E852209A-AFB8-48FF-816E-19EF65633258}"
EndProject
Project("{FAE04EC0-301F-11D3-BF4B-00C04F79EFBC}") = "Properties.Entities", "Properties.Entities\Properties.Entities.csproj", "{8AFE69DC-7895-42B4-87EF-B250632595FE}"
EndProject
Global
	GlobalSection(SolutionConfigurationPlatforms) = preSolution
		Debug|Any CPU = Debug|Any CPU
		Release|Any CPU = Release|Any CPU
	EndGlobalSection
	GlobalSection(ProjectConfigurationPlatforms) = postSolution
		{286D5F03-CFB9-41A4-8CD1-E56423ADEA50}.Debug|Any CPU.ActiveCfg = Debug|Any CPU
		{286D5F03-CFB9-41A4-8CD1-E56423ADEA50}.Debug|Any CPU.Build.0 = Debug|Any CPU
		{286D5F03-CFB9-41A4-8CD1-E56423ADEA50}.Release|Any CPU.ActiveCfg = Release|Any CPU
		{286D5F03-CFB9-41A4-8CD1-E56423ADEA50}.Release|Any CPU.Build.0 = Release|Any CPU
		{51C23852-96A3-4969-B971-6A5E28AF9735}.Debug|Any CPU.ActiveCfg = Debug|Any CPU
		{51C23852-96A3-4969-B971-6A5E28AF9735}.Debug|Any CPU.Build.0 = Debug|Any CPU
		{51C23852-96A3-4969-B971-6A5E28AF9735}.Release|Any CPU.ActiveCfg = Release|Any CPU
		{51C23852-96A3-4969-B971-6A5E28AF9735}.Release|Any CPU.Build.0 = Release|Any CPU
		{DA06E2EE-2510-413C-9D0F-672B63B80505}.Debug|Any CPU.ActiveCfg = Debug|Any CPU
		{DA06E2EE-2510-413C-9D0F-672B63B80505}.Debug|Any CPU.Build.0 = Debug|Any CPU
		{DA06E2EE-2510-413C-9D0F-672B63B80505}.Release|Any CPU.ActiveCfg = Release|Any CPU
		{DA06E2EE-2510-413C-9D0F-672B63B80505}.Release|Any CPU.Build.0 = Release|Any CPU
		{A330E133-9049-4A20-9748-C4E979F9BAD0}.Debug|Any CPU.ActiveCfg = Debug|Any CPU
		{A330E133-9049-4A20-9748-C4E979F9BAD0}.Debug|Any CPU.Build.0 = Debug|Any CPU
		{A330E133-9049-4A20-9748-C4E979F9BAD0}.Release|Any CPU.ActiveCfg = Release|Any CPU
		{A330E133-9049-4A20-9748-C4E979F9BAD0}.Release|Any CPU.Build.0 = Release|Any CPU
		{3CA335E6-2E57-47CE-AA19-729ADADA02A7}.Debug|Any CPU.ActiveCfg = Debug|Any CPU
		{3CA335E6-2E57-47CE-AA19-729ADADA02A7}.Debug|Any CPU.Build.0 = Debug|Any CPU
		{3CA335E6-2E57-47CE-AA19-729ADADA02A7}.Release|Any CPU.ActiveCfg = Release|Any CPU
		{3CA335E6-2E57-47CE-AA19-729ADADA02A7}.Release|Any CPU.Build.0 = Release|Any CPU
		{8A36E4DF-C978-4B5C-976C-C4675ADB120E}.Debug|Any CPU.ActiveCfg = Debug|Any CPU
		{8A36E4DF-C978-4B5C-976C-C4675ADB120E}.Debug|Any CPU.Build.0 = Debug|Any CPU
		{8A36E4DF-C978-4B5C-976C-C4675ADB120E}.Release|Any CPU.ActiveCfg = Release|Any CPU
		{8A36E4DF-C978-4B5C-976C-C4675ADB120E}.Release|Any CPU.Build.0 = Release|Any CPU
		{B494B687-4035-47F6-BF3B-B55EE61A76B4}.Debug|Any CPU.ActiveCfg = Debug|Any CPU
		{B494B687-4035-47F6-BF3B-B55EE61A76B4}.Debug|Any CPU.Build.0 = Debug|Any CPU
		{B494B687-4035-47F6-BF3B-B55EE61A76B4}.Release|Any CPU.ActiveCfg = Release|Any CPU
		{B494B687-4035-47F6-BF3B-B55EE61A76B4}.Release|Any CPU.Build.0 = Release|Any CPU
		{51416636-4AD6-43EE-9D18-24C9D1B9D64E}.Debug|Any CPU.ActiveCfg = Debug|Any CPU
		{51416636-4AD6-43EE-9D18-24C9D1B9D64E}.Debug|Any CPU.Build.0 = Debug|Any CPU
		{51416636-4AD6-43EE-9D18-24C9D1B9D64E}.Release|Any CPU.ActiveCfg = Release|Any CPU
		{51416636-4AD6-43EE-9D18-24C9D1B9D64E}.Release|Any CPU.Build.0 = Release|Any CPU
		{56773E22-A0A2-4A03-B7BB-11D30E299712}.Debug|Any CPU.ActiveCfg = Debug|Any CPU
		{56773E22-A0A2-4A03-B7BB-11D30E299712}.Debug|Any CPU.Build.0 = Debug|Any CPU
		{56773E22-A0A2-4A03-B7BB-11D30E299712}.Release|Any CPU.ActiveCfg = Release|Any CPU
		{56773E22-A0A2-4A03-B7BB-11D30E299712}.Release|Any CPU.Build.0 = Release|Any CPU
		{E852209A-AFB8-48FF-816E-19EF65633258}.Debug|Any CPU.ActiveCfg = Debug|Any CPU
		{E852209A-AFB8-48FF-816E-19EF65633258}.Debug|Any CPU.Build.0 = Debug|Any CPU
		{E852209A-AFB8-48FF-816E-19EF65633258}.Release|Any CPU.ActiveCfg = Release|Any CPU
		{E852209A-AFB8-48FF-816E-19EF65633258}.Release|Any CPU.Build.0 = Release|Any CPU
		{8AFE69DC-7895-42B4-87EF-B250632595FE}.Debug|Any CPU.ActiveCfg = Debug|Any CPU
		{8AFE69DC-7895-42B4-87EF-B250632595FE}.Debug|Any CPU.Build.0 = Debug|Any CPU
		{8AFE69DC-7895-42B4-87EF-B250632595FE}.Release|Any CPU.ActiveCfg = Release|Any CPU
		{8AFE69DC-7895-42B4-87EF-B250632595FE}.Release|Any CPU.Build.0 = Release|Any CPU
	EndGlobalSection
	GlobalSection(SolutionProperties) = preSolution
		HideSolutionNode = FALSE
	EndGlobalSection
	GlobalSection(NestedProjects) = preSolution
		{EABE8A2E-DD9B-4D1B-A071-EC92DF4A3626} = {1BCB79FB-9946-4DD9-898F-B95DC052EF9F}
		{95F5A060-4141-41C5-A193-8CCC79534025} = {1BCB79FB-9946-4DD9-898F-B95DC052EF9F}
		{23A1257E-9CC8-4293-AA62-2B59D5515843} = {1BCB79FB-9946-4DD9-898F-B95DC052EF9F}
		{286D5F03-CFB9-41A4-8CD1-E56423ADEA50} = {23A1257E-9CC8-4293-AA62-2B59D5515843}
		{B40EE794-5BBB-4C4D-8598-0C64B9B34E17} = {31D0B113-5254-42AA-9C37-E628AF50B707}
		{9A62D7FA-4E84-4569-AD14-A2CAC9D41C67} = {31D0B113-5254-42AA-9C37-E628AF50B707}
		{FF282DCE-2309-4AE5-98E1-3B5AE3E35025} = {31D0B113-5254-42AA-9C37-E628AF50B707}
		{C9753BBB-42B1-4180-9A52-D8319D483C36} = {31D0B113-5254-42AA-9C37-E628AF50B707}
		{51C23852-96A3-4969-B971-6A5E28AF9735} = {C9753BBB-42B1-4180-9A52-D8319D483C36}
		{DA06E2EE-2510-413C-9D0F-672B63B80505} = {0860C07D-FAB5-44A8-B4EC-0306BB8BACEA}
		{AA0615F0-357D-4E16-954F-5B3DB0A4F7D0} = {87A76906-E094-477C-8314-D667696326CB}
		{9A1CC836-6708-45A0-8305-1B57B8262218} = {87A76906-E094-477C-8314-D667696326CB}
		{80AD21F0-5DA9-4B0F-9DAB-BDFE6D6AD472} = {87A76906-E094-477C-8314-D667696326CB}
		{8037476E-B28B-4972-9746-FA5855B53915} = {87A76906-E094-477C-8314-D667696326CB}
		{A330E133-9049-4A20-9748-C4E979F9BAD0} = {EABE8A2E-DD9B-4D1B-A071-EC92DF4A3626}
		{3CA335E6-2E57-47CE-AA19-729ADADA02A7} = {95F5A060-4141-41C5-A193-8CCC79534025}
		{8A36E4DF-C978-4B5C-976C-C4675ADB120E} = {AA0615F0-357D-4E16-954F-5B3DB0A4F7D0}
		{204E7885-DA3E-4116-A901-6E95C5BA4E74} = {1BCB79FB-9946-4DD9-898F-B95DC052EF9F}
		{B494B687-4035-47F6-BF3B-B55EE61A76B4} = {80AD21F0-5DA9-4B0F-9DAB-BDFE6D6AD472}
		{51416636-4AD6-43EE-9D18-24C9D1B9D64E} = {9A1CC836-6708-45A0-8305-1B57B8262218}
		{56773E22-A0A2-4A03-B7BB-11D30E299712} = {B40EE794-5BBB-4C4D-8598-0C64B9B34E17}
		{E852209A-AFB8-48FF-816E-19EF65633258} = {9A62D7FA-4E84-4569-AD14-A2CAC9D41C67}
		{8AFE69DC-7895-42B4-87EF-B250632595FE} = {FF282DCE-2309-4AE5-98E1-3B5AE3E35025}
	EndGlobalSection
	GlobalSection(ExtensibilityGlobals) = postSolution
		SolutionGuid = {4F3E1C61-2204-41F2-8792-57A5CA9A8D84}
	EndGlobalSection
EndGlobal
